{
  "requires": true,
  "lockfileVersion": 1,
  "dependencies": {
    "typeit": {
      "version": "8.0.3",
      "resolved": "https://registry.npmjs.org/typeit/-/typeit-8.0.3.tgz",
      "integrity": "sha512-dgpRmIrwTV0tiic1VEYc9zAChI5fIZBxqJnAXmmPEuSm8X981bMWHHk2Cb6Wp+/tvAllGnO3y+7ZSx4jxso8ug=="
    }
  }
}
